
Microsoft Visual Studio Solution File, Format Version 12.00
# Visual Studio 2013
VisualStudioVersion = 12.0.40629.0
MinimumVisualStudioVersion = 10.0.40219.1
Project("{FAE04EC0-301F-11D3-BF4B-00C04F79EFBC}") = "TEST_VERKEERSBORDEN", "TEST_VERKEERSBORDEN\TEST_VERKEERSBORDEN.csproj", "{9124EA3B-F129-4A04-AE0E-E74F241D9C0C}"
EndProject
Project("{FAE04EC0-301F-11D3-BF4B-00C04F79EFBC}") = "Business_objects", "Business_objects\Business_objects.csproj", "{5A507200-2BDD-46B9-B6D3-FAC7BD439D5B}"
EndProject
Global
	GlobalSection(SolutionConfigurationPlatforms) = preSolution
		Debug|Any CPU = Debug|Any CPU
		Release|Any CPU = Release|Any CPU
	EndGlobalSection
	GlobalSection(ProjectConfigurationPlatforms) = postSolution
		{9124EA3B-F129-4A04-AE0E-E74F241D9C0C}.Debug|Any CPU.ActiveCfg = Debug|Any CPU
		{9124EA3B-F129-4A04-AE0E-E74F241D9C0C}.Debug|Any CPU.Build.0 = Debug|Any CPU
		{9124EA3B-F129-4A04-AE0E-E74F241D9C0C}.Release|Any CPU.ActiveCfg = Release|Any CPU
		{9124EA3B-F129-4A04-AE0E-E74F241D9C0C}.Release|Any CPU.Build.0 = Release|Any CPU
		{5A507200-2BDD-46B9-B6D3-FAC7BD439D5B}.Debug|Any CPU.ActiveCfg = Debug|Any CPU
		{5A507200-2BDD-46B9-B6D3-FAC7BD439D5B}.Debug|Any CPU.Build.0 = Debug|Any CPU
		{5A507200-2BDD-46B9-B6D3-FAC7BD439D5B}.Release|Any CPU.ActiveCfg = Release|Any CPU
		{5A507200-2BDD-46B9-B6D3-FAC7BD439D5B}.Release|Any CPU.Build.0 = Release|Any CPU
	EndGlobalSection
	GlobalSection(SolutionProperties) = preSolution
		HideSolutionNode = FALSE
	EndGlobalSection
EndGlobal
