
Microsoft Visual Studio Solution File, Format Version 12.00
# Visual Studio 2013
VisualStudioVersion = 12.0.40629.0
MinimumVisualStudioVersion = 10.0.40219.1
Project("{FAE04EC0-301F-11D3-BF4B-00C04F79EFBC}") = "TRAFFIC_APP_XAM.Droid", "TRAFFIC_APP_XAM\TRAFFIC_APP_XAM.Droid\TRAFFIC_APP_XAM.Droid.csproj", "{0E64C679-8FD2-4AE4-9A6E-719ECE4654ED}"
EndProject
Project("{FAE04EC0-301F-11D3-BF4B-00C04F79EFBC}") = "TRAFFIC_APP_XAM.iOS", "TRAFFIC_APP_XAM\TRAFFIC_APP_XAM.iOS\TRAFFIC_APP_XAM.iOS.csproj", "{9A06471F-D76B-428B-9C66-511683571529}"
EndProject
Project("{FAE04EC0-301F-11D3-BF4B-00C04F79EFBC}") = "TRAFFIC_APP_XAM.WinPhone", "TRAFFIC_APP_XAM\TRAFFIC_APP_XAM.WinPhone\TRAFFIC_APP_XAM.WinPhone.csproj", "{5B251627-4B8F-4361-BC3D-BE06D9F3C5EF}"
EndProject
Project("{FAE04EC0-301F-11D3-BF4B-00C04F79EFBC}") = "TRAFFIC_APP_XAM.Windows", "TRAFFIC_APP_XAM\TRAFFIC_APP_XAM.Windows\TRAFFIC_APP_XAM.Windows.csproj", "{65B2C734-4E70-49A3-BA1F-A21BB8E49D95}"
EndProject
Project("{FAE04EC0-301F-11D3-BF4B-00C04F79EFBC}") = "TRAFFIC_APP_XAM", "TRAFFIC_APP_XAM\TRAFFIC_APP_XAM\TRAFFIC_APP_XAM.csproj", "{C153C97F-2A62-46AE-AE95-D03B1806BB13}"
EndProject
Project("{2150E333-8FDC-42A3-9474-1A3956D46DE8}") = ".nuget", ".nuget", "{0BE38D36-9BCD-41B6-AA32-32A9835FA5B0}"
	ProjectSection(SolutionItems) = preProject
		.nuget\packages.config = .nuget\packages.config
	EndProjectSection
EndProject
Global
	GlobalSection(SolutionConfigurationPlatforms) = preSolution
		Ad-Hoc|Any CPU = Ad-Hoc|Any CPU
		Ad-Hoc|ARM = Ad-Hoc|ARM
		Ad-Hoc|iPhone = Ad-Hoc|iPhone
		Ad-Hoc|iPhoneSimulator = Ad-Hoc|iPhoneSimulator
		Ad-Hoc|Mixed Platforms = Ad-Hoc|Mixed Platforms
		Ad-Hoc|x64 = Ad-Hoc|x64
		Ad-Hoc|x86 = Ad-Hoc|x86
		AppStore|Any CPU = AppStore|Any CPU
		AppStore|ARM = AppStore|ARM
		AppStore|iPhone = AppStore|iPhone
		AppStore|iPhoneSimulator = AppStore|iPhoneSimulator
		AppStore|Mixed Platforms = AppStore|Mixed Platforms
		AppStore|x64 = AppStore|x64
		AppStore|x86 = AppStore|x86
		Debug|Any CPU = Debug|Any CPU
		Debug|ARM = Debug|ARM
		Debug|iPhone = Debug|iPhone
		Debug|iPhoneSimulator = Debug|iPhoneSimulator
		Debug|Mixed Platforms = Debug|Mixed Platforms
		Debug|x64 = Debug|x64
		Debug|x86 = Debug|x86
		Release|Any CPU = Release|Any CPU
		Release|ARM = Release|ARM
		Release|iPhone = Release|iPhone
		Release|iPhoneSimulator = Release|iPhoneSimulator
		Release|Mixed Platforms = Release|Mixed Platforms
		Release|x64 = Release|x64
		Release|x86 = Release|x86
	EndGlobalSection
	GlobalSection(ProjectConfigurationPlatforms) = postSolution
		{0E64C679-8FD2-4AE4-9A6E-719ECE4654ED}.Ad-Hoc|Any CPU.ActiveCfg = Release|Any CPU
		{0E64C679-8FD2-4AE4-9A6E-719ECE4654ED}.Ad-Hoc|Any CPU.Build.0 = Release|Any CPU
		{0E64C679-8FD2-4AE4-9A6E-719ECE4654ED}.Ad-Hoc|Any CPU.Deploy.0 = Release|Any CPU
		{0E64C679-8FD2-4AE4-9A6E-719ECE4654ED}.Ad-Hoc|ARM.ActiveCfg = Release|Any CPU
		{0E64C679-8FD2-4AE4-9A6E-719ECE4654ED}.Ad-Hoc|iPhone.ActiveCfg = Release|Any CPU
		{0E64C679-8FD2-4AE4-9A6E-719ECE4654ED}.Ad-Hoc|iPhoneSimulator.ActiveCfg = Release|Any CPU
		{0E64C679-8FD2-4AE4-9A6E-719ECE4654ED}.Ad-Hoc|Mixed Platforms.ActiveCfg = Release|Any CPU
		{0E64C679-8FD2-4AE4-9A6E-719ECE4654ED}.Ad-Hoc|Mixed Platforms.Build.0 = Release|Any CPU
		{0E64C679-8FD2-4AE4-9A6E-719ECE4654ED}.Ad-Hoc|Mixed Platforms.Deploy.0 = Release|Any CPU
		{0E64C679-8FD2-4AE4-9A6E-719ECE4654ED}.Ad-Hoc|x64.ActiveCfg = Release|Any CPU
		{0E64C679-8FD2-4AE4-9A6E-719ECE4654ED}.Ad-Hoc|x86.ActiveCfg = Release|Any CPU
		{0E64C679-8FD2-4AE4-9A6E-719ECE4654ED}.AppStore|Any CPU.ActiveCfg = Release|Any CPU
		{0E64C679-8FD2-4AE4-9A6E-719ECE4654ED}.AppStore|Any CPU.Build.0 = Release|Any CPU
		{0E64C679-8FD2-4AE4-9A6E-719ECE4654ED}.AppStore|Any CPU.Deploy.0 = Release|Any CPU
		{0E64C679-8FD2-4AE4-9A6E-719ECE4654ED}.AppStore|ARM.ActiveCfg = Release|Any CPU
		{0E64C679-8FD2-4AE4-9A6E-719ECE4654ED}.AppStore|iPhone.ActiveCfg = Release|Any CPU
		{0E64C679-8FD2-4AE4-9A6E-719ECE4654ED}.AppStore|iPhoneSimulator.ActiveCfg = Release|Any CPU
		{0E64C679-8FD2-4AE4-9A6E-719ECE4654ED}.AppStore|Mixed Platforms.ActiveCfg = Release|Any CPU
		{0E64C679-8FD2-4AE4-9A6E-719ECE4654ED}.AppStore|Mixed Platforms.Build.0 = Release|Any CPU
		{0E64C679-8FD2-4AE4-9A6E-719ECE4654ED}.AppStore|Mixed Platforms.Deploy.0 = Release|Any CPU
		{0E64C679-8FD2-4AE4-9A6E-719ECE4654ED}.AppStore|x64.ActiveCfg = Release|Any CPU
		{0E64C679-8FD2-4AE4-9A6E-719ECE4654ED}.AppStore|x86.ActiveCfg = Release|Any CPU
		{0E64C679-8FD2-4AE4-9A6E-719ECE4654ED}.Debug|Any CPU.ActiveCfg = Debug|Any CPU
		{0E64C679-8FD2-4AE4-9A6E-719ECE4654ED}.Debug|Any CPU.Build.0 = Debug|Any CPU
		{0E64C679-8FD2-4AE4-9A6E-719ECE4654ED}.Debug|Any CPU.Deploy.0 = Debug|Any CPU
		{0E64C679-8FD2-4AE4-9A6E-719ECE4654ED}.Debug|ARM.ActiveCfg = Debug|Any CPU
		{0E64C679-8FD2-4AE4-9A6E-719ECE4654ED}.Debug|iPhone.ActiveCfg = Debug|Any CPU
		{0E64C679-8FD2-4AE4-9A6E-719ECE4654ED}.Debug|iPhoneSimulator.ActiveCfg = Debug|Any CPU
		{0E64C679-8FD2-4AE4-9A6E-719ECE4654ED}.Debug|Mixed Platforms.ActiveCfg = Debug|Any CPU
		{0E64C679-8FD2-4AE4-9A6E-719ECE4654ED}.Debug|Mixed Platforms.Build.0 = Debug|Any CPU
		{0E64C679-8FD2-4AE4-9A6E-719ECE4654ED}.Debug|Mixed Platforms.Deploy.0 = Debug|Any CPU
		{0E64C679-8FD2-4AE4-9A6E-719ECE4654ED}.Debug|x64.ActiveCfg = Debug|Any CPU
		{0E64C679-8FD2-4AE4-9A6E-719ECE4654ED}.Debug|x86.ActiveCfg = Debug|Any CPU
		{0E64C679-8FD2-4AE4-9A6E-719ECE4654ED}.Release|Any CPU.ActiveCfg = Release|Any CPU
		{0E64C679-8FD2-4AE4-9A6E-719ECE4654ED}.Release|Any CPU.Build.0 = Release|Any CPU
		{0E64C679-8FD2-4AE4-9A6E-719ECE4654ED}.Release|Any CPU.Deploy.0 = Release|Any CPU
		{0E64C679-8FD2-4AE4-9A6E-719ECE4654ED}.Release|ARM.ActiveCfg = Release|Any CPU
		{0E64C679-8FD2-4AE4-9A6E-719ECE4654ED}.Release|iPhone.ActiveCfg = Release|Any CPU
		{0E64C679-8FD2-4AE4-9A6E-719ECE4654ED}.Release|iPhoneSimulator.ActiveCfg = Release|Any CPU
		{0E64C679-8FD2-4AE4-9A6E-719ECE4654ED}.Release|Mixed Platforms.ActiveCfg = Release|Any CPU
		{0E64C679-8FD2-4AE4-9A6E-719ECE4654ED}.Release|Mixed Platforms.Build.0 = Release|Any CPU
		{0E64C679-8FD2-4AE4-9A6E-719ECE4654ED}.Release|Mixed Platforms.Deploy.0 = Release|Any CPU
		{0E64C679-8FD2-4AE4-9A6E-719ECE4654ED}.Release|x64.ActiveCfg = Release|Any CPU
		{0E64C679-8FD2-4AE4-9A6E-719ECE4654ED}.Release|x86.ActiveCfg = Release|Any CPU
		{9A06471F-D76B-428B-9C66-511683571529}.Ad-Hoc|Any CPU.ActiveCfg = Ad-Hoc|iPhone
		{9A06471F-D76B-428B-9C66-511683571529}.Ad-Hoc|ARM.ActiveCfg = Ad-Hoc|iPhone
		{9A06471F-D76B-428B-9C66-511683571529}.Ad-Hoc|iPhone.ActiveCfg = Ad-Hoc|iPhone
		{9A06471F-D76B-428B-9C66-511683571529}.Ad-Hoc|iPhone.Build.0 = Ad-Hoc|iPhone
		{9A06471F-D76B-428B-9C66-511683571529}.Ad-Hoc|iPhoneSimulator.ActiveCfg = Ad-Hoc|iPhoneSimulator
		{9A06471F-D76B-428B-9C66-511683571529}.Ad-Hoc|iPhoneSimulator.Build.0 = Ad-Hoc|iPhoneSimulator
		{9A06471F-D76B-428B-9C66-511683571529}.Ad-Hoc|Mixed Platforms.ActiveCfg = Ad-Hoc|iPhone
		{9A06471F-D76B-428B-9C66-511683571529}.Ad-Hoc|Mixed Platforms.Build.0 = Ad-Hoc|iPhone
		{9A06471F-D76B-428B-9C66-511683571529}.Ad-Hoc|x64.ActiveCfg = Ad-Hoc|iPhone
		{9A06471F-D76B-428B-9C66-511683571529}.Ad-Hoc|x86.ActiveCfg = Ad-Hoc|iPhone
		{9A06471F-D76B-428B-9C66-511683571529}.AppStore|Any CPU.ActiveCfg = AppStore|iPhone
		{9A06471F-D76B-428B-9C66-511683571529}.AppStore|ARM.ActiveCfg = AppStore|iPhone
		{9A06471F-D76B-428B-9C66-511683571529}.AppStore|iPhone.ActiveCfg = AppStore|iPhone
		{9A06471F-D76B-428B-9C66-511683571529}.AppStore|iPhone.Build.0 = AppStore|iPhone
		{9A06471F-D76B-428B-9C66-511683571529}.AppStore|iPhoneSimulator.ActiveCfg = AppStore|iPhoneSimulator
		{9A06471F-D76B-428B-9C66-511683571529}.AppStore|iPhoneSimulator.Build.0 = AppStore|iPhoneSimulator
		{9A06471F-D76B-428B-9C66-511683571529}.AppStore|Mixed Platforms.ActiveCfg = AppStore|iPhone
		{9A06471F-D76B-428B-9C66-511683571529}.AppStore|Mixed Platforms.Build.0 = AppStore|iPhone
		{9A06471F-D76B-428B-9C66-511683571529}.AppStore|x64.ActiveCfg = AppStore|iPhone
		{9A06471F-D76B-428B-9C66-511683571529}.AppStore|x86.ActiveCfg = AppStore|iPhone
		{9A06471F-D76B-428B-9C66-511683571529}.Debug|Any CPU.ActiveCfg = Debug|iPhone
		{9A06471F-D76B-428B-9C66-511683571529}.Debug|ARM.ActiveCfg = Debug|iPhone
		{9A06471F-D76B-428B-9C66-511683571529}.Debug|iPhone.ActiveCfg = Debug|iPhone
		{9A06471F-D76B-428B-9C66-511683571529}.Debug|iPhone.Build.0 = Debug|iPhone
		{9A06471F-D76B-428B-9C66-511683571529}.Debug|iPhoneSimulator.ActiveCfg = Debug|iPhoneSimulator
		{9A06471F-D76B-428B-9C66-511683571529}.Debug|iPhoneSimulator.Build.0 = Debug|iPhoneSimulator
		{9A06471F-D76B-428B-9C66-511683571529}.Debug|Mixed Platforms.ActiveCfg = Debug|iPhone
		{9A06471F-D76B-428B-9C66-511683571529}.Debug|Mixed Platforms.Build.0 = Debug|iPhone
		{9A06471F-D76B-428B-9C66-511683571529}.Debug|x64.ActiveCfg = Debug|iPhone
		{9A06471F-D76B-428B-9C66-511683571529}.Debug|x86.ActiveCfg = Debug|iPhone
		{9A06471F-D76B-428B-9C66-511683571529}.Release|Any CPU.ActiveCfg = Release|iPhone
		{9A06471F-D76B-428B-9C66-511683571529}.Release|ARM.ActiveCfg = Release|iPhone
		{9A06471F-D76B-428B-9C66-511683571529}.Release|iPhone.ActiveCfg = Release|iPhone
		{9A06471F-D76B-428B-9C66-511683571529}.Release|iPhone.Build.0 = Release|iPhone
		{9A06471F-D76B-428B-9C66-511683571529}.Release|iPhoneSimulator.ActiveCfg = Release|iPhoneSimulator
		{9A06471F-D76B-428B-9C66-511683571529}.Release|iPhoneSimulator.Build.0 = Release|iPhoneSimulator
		{9A06471F-D76B-428B-9C66-511683571529}.Release|Mixed Platforms.ActiveCfg = Release|iPhone
		{9A06471F-D76B-428B-9C66-511683571529}.Release|Mixed Platforms.Build.0 = Release|iPhone
		{9A06471F-D76B-428B-9C66-511683571529}.Release|x64.ActiveCfg = Release|iPhone
		{9A06471F-D76B-428B-9C66-511683571529}.Release|x86.ActiveCfg = Release|iPhone
		{5B251627-4B8F-4361-BC3D-BE06D9F3C5EF}.Ad-Hoc|Any CPU.ActiveCfg = Release|Any CPU
		{5B251627-4B8F-4361-BC3D-BE06D9F3C5EF}.Ad-Hoc|Any CPU.Build.0 = Release|Any CPU
		{5B251627-4B8F-4361-BC3D-BE06D9F3C5EF}.Ad-Hoc|Any CPU.Deploy.0 = Release|Any CPU
		{5B251627-4B8F-4361-BC3D-BE06D9F3C5EF}.Ad-Hoc|ARM.ActiveCfg = Release|ARM
		{5B251627-4B8F-4361-BC3D-BE06D9F3C5EF}.Ad-Hoc|ARM.Build.0 = Release|ARM
		{5B251627-4B8F-4361-BC3D-BE06D9F3C5EF}.Ad-Hoc|ARM.Deploy.0 = Release|ARM
		{5B251627-4B8F-4361-BC3D-BE06D9F3C5EF}.Ad-Hoc|iPhone.ActiveCfg = Release|Any CPU
		{5B251627-4B8F-4361-BC3D-BE06D9F3C5EF}.Ad-Hoc|iPhoneSimulator.ActiveCfg = Release|Any CPU
		{5B251627-4B8F-4361-BC3D-BE06D9F3C5EF}.Ad-Hoc|Mixed Platforms.ActiveCfg = Release|x86
		{5B251627-4B8F-4361-BC3D-BE06D9F3C5EF}.Ad-Hoc|Mixed Platforms.Build.0 = Release|x86
		{5B251627-4B8F-4361-BC3D-BE06D9F3C5EF}.Ad-Hoc|Mixed Platforms.Deploy.0 = Release|x86
		{5B251627-4B8F-4361-BC3D-BE06D9F3C5EF}.Ad-Hoc|x64.ActiveCfg = Release|Any CPU
		{5B251627-4B8F-4361-BC3D-BE06D9F3C5EF}.Ad-Hoc|x86.ActiveCfg = Release|x86
		{5B251627-4B8F-4361-BC3D-BE06D9F3C5EF}.Ad-Hoc|x86.Build.0 = Release|x86
		{5B251627-4B8F-4361-BC3D-BE06D9F3C5EF}.Ad-Hoc|x86.Deploy.0 = Release|x86
		{5B251627-4B8F-4361-BC3D-BE06D9F3C5EF}.AppStore|Any CPU.ActiveCfg = Release|Any CPU
		{5B251627-4B8F-4361-BC3D-BE06D9F3C5EF}.AppStore|Any CPU.Build.0 = Release|Any CPU
		{5B251627-4B8F-4361-BC3D-BE06D9F3C5EF}.AppStore|Any CPU.Deploy.0 = Release|Any CPU
		{5B251627-4B8F-4361-BC3D-BE06D9F3C5EF}.AppStore|ARM.ActiveCfg = Release|ARM
		{5B251627-4B8F-4361-BC3D-BE06D9F3C5EF}.AppStore|ARM.Build.0 = Release|ARM
		{5B251627-4B8F-4361-BC3D-BE06D9F3C5EF}.AppStore|ARM.Deploy.0 = Release|ARM
		{5B251627-4B8F-4361-BC3D-BE06D9F3C5EF}.AppStore|iPhone.ActiveCfg = Release|Any CPU
		{5B251627-4B8F-4361-BC3D-BE06D9F3C5EF}.AppStore|iPhoneSimulator.ActiveCfg = Release|Any CPU
		{5B251627-4B8F-4361-BC3D-BE06D9F3C5EF}.AppStore|Mixed Platforms.ActiveCfg = Release|x86
		{5B251627-4B8F-4361-BC3D-BE06D9F3C5EF}.AppStore|Mixed Platforms.Build.0 = Release|x86
		{5B251627-4B8F-4361-BC3D-BE06D9F3C5EF}.AppStore|Mixed Platforms.Deploy.0 = Release|x86
		{5B251627-4B8F-4361-BC3D-BE06D9F3C5EF}.AppStore|x64.ActiveCfg = Release|Any CPU
		{5B251627-4B8F-4361-BC3D-BE06D9F3C5EF}.AppStore|x86.ActiveCfg = Release|x86
		{5B251627-4B8F-4361-BC3D-BE06D9F3C5EF}.AppStore|x86.Build.0 = Release|x86
		{5B251627-4B8F-4361-BC3D-BE06D9F3C5EF}.AppStore|x86.Deploy.0 = Release|x86
		{5B251627-4B8F-4361-BC3D-BE06D9F3C5EF}.Debug|Any CPU.ActiveCfg = Debug|Any CPU
		{5B251627-4B8F-4361-BC3D-BE06D9F3C5EF}.Debug|Any CPU.Build.0 = Debug|Any CPU
		{5B251627-4B8F-4361-BC3D-BE06D9F3C5EF}.Debug|Any CPU.Deploy.0 = Debug|Any CPU
		{5B251627-4B8F-4361-BC3D-BE06D9F3C5EF}.Debug|ARM.ActiveCfg = Debug|ARM
		{5B251627-4B8F-4361-BC3D-BE06D9F3C5EF}.Debug|ARM.Build.0 = Debug|ARM
		{5B251627-4B8F-4361-BC3D-BE06D9F3C5EF}.Debug|ARM.Deploy.0 = Debug|ARM
		{5B251627-4B8F-4361-BC3D-BE06D9F3C5EF}.Debug|iPhone.ActiveCfg = Debug|Any CPU
		{5B251627-4B8F-4361-BC3D-BE06D9F3C5EF}.Debug|iPhoneSimulator.ActiveCfg = Debug|Any CPU
		{5B251627-4B8F-4361-BC3D-BE06D9F3C5EF}.Debug|Mixed Platforms.ActiveCfg = Debug|x86
		{5B251627-4B8F-4361-BC3D-BE06D9F3C5EF}.Debug|Mixed Platforms.Build.0 = Debug|x86
		{5B251627-4B8F-4361-BC3D-BE06D9F3C5EF}.Debug|Mixed Platforms.Deploy.0 = Debug|x86
		{5B251627-4B8F-4361-BC3D-BE06D9F3C5EF}.Debug|x64.ActiveCfg = Debug|Any CPU
		{5B251627-4B8F-4361-BC3D-BE06D9F3C5EF}.Debug|x86.ActiveCfg = Debug|x86
		{5B251627-4B8F-4361-BC3D-BE06D9F3C5EF}.Debug|x86.Build.0 = Debug|x86
		{5B251627-4B8F-4361-BC3D-BE06D9F3C5EF}.Debug|x86.Deploy.0 = Debug|x86
		{5B251627-4B8F-4361-BC3D-BE06D9F3C5EF}.Release|Any CPU.ActiveCfg = Release|Any CPU
		{5B251627-4B8F-4361-BC3D-BE06D9F3C5EF}.Release|Any CPU.Build.0 = Release|Any CPU
		{5B251627-4B8F-4361-BC3D-BE06D9F3C5EF}.Release|Any CPU.Deploy.0 = Release|Any CPU
		{5B251627-4B8F-4361-BC3D-BE06D9F3C5EF}.Release|ARM.ActiveCfg = Release|ARM
		{5B251627-4B8F-4361-BC3D-BE06D9F3C5EF}.Release|ARM.Build.0 = Release|ARM
		{5B251627-4B8F-4361-BC3D-BE06D9F3C5EF}.Release|ARM.Deploy.0 = Release|ARM
		{5B251627-4B8F-4361-BC3D-BE06D9F3C5EF}.Release|iPhone.ActiveCfg = Release|Any CPU
		{5B251627-4B8F-4361-BC3D-BE06D9F3C5EF}.Release|iPhoneSimulator.ActiveCfg = Release|Any CPU
		{5B251627-4B8F-4361-BC3D-BE06D9F3C5EF}.Release|Mixed Platforms.ActiveCfg = Release|x86
		{5B251627-4B8F-4361-BC3D-BE06D9F3C5EF}.Release|Mixed Platforms.Build.0 = Release|x86
		{5B251627-4B8F-4361-BC3D-BE06D9F3C5EF}.Release|Mixed Platforms.Deploy.0 = Release|x86
		{5B251627-4B8F-4361-BC3D-BE06D9F3C5EF}.Release|x64.ActiveCfg = Release|Any CPU
		{5B251627-4B8F-4361-BC3D-BE06D9F3C5EF}.Release|x86.ActiveCfg = Release|x86
		{5B251627-4B8F-4361-BC3D-BE06D9F3C5EF}.Release|x86.Build.0 = Release|x86
		{5B251627-4B8F-4361-BC3D-BE06D9F3C5EF}.Release|x86.Deploy.0 = Release|x86
		{65B2C734-4E70-49A3-BA1F-A21BB8E49D95}.Ad-Hoc|Any CPU.ActiveCfg = Release|Any CPU
		{65B2C734-4E70-49A3-BA1F-A21BB8E49D95}.Ad-Hoc|Any CPU.Build.0 = Release|Any CPU
		{65B2C734-4E70-49A3-BA1F-A21BB8E49D95}.Ad-Hoc|Any CPU.Deploy.0 = Release|Any CPU
		{65B2C734-4E70-49A3-BA1F-A21BB8E49D95}.Ad-Hoc|ARM.ActiveCfg = Release|ARM
		{65B2C734-4E70-49A3-BA1F-A21BB8E49D95}.Ad-Hoc|ARM.Build.0 = Release|ARM
		{65B2C734-4E70-49A3-BA1F-A21BB8E49D95}.Ad-Hoc|ARM.Deploy.0 = Release|ARM
		{65B2C734-4E70-49A3-BA1F-A21BB8E49D95}.Ad-Hoc|iPhone.ActiveCfg = Release|Any CPU
		{65B2C734-4E70-49A3-BA1F-A21BB8E49D95}.Ad-Hoc|iPhoneSimulator.ActiveCfg = Release|Any CPU
		{65B2C734-4E70-49A3-BA1F-A21BB8E49D95}.Ad-Hoc|Mixed Platforms.ActiveCfg = Release|x86
		{65B2C734-4E70-49A3-BA1F-A21BB8E49D95}.Ad-Hoc|Mixed Platforms.Build.0 = Release|x86
		{65B2C734-4E70-49A3-BA1F-A21BB8E49D95}.Ad-Hoc|Mixed Platforms.Deploy.0 = Release|x86
		{65B2C734-4E70-49A3-BA1F-A21BB8E49D95}.Ad-Hoc|x64.ActiveCfg = Release|x64
		{65B2C734-4E70-49A3-BA1F-A21BB8E49D95}.Ad-Hoc|x64.Build.0 = Release|x64
		{65B2C734-4E70-49A3-BA1F-A21BB8E49D95}.Ad-Hoc|x64.Deploy.0 = Release|x64
		{65B2C734-4E70-49A3-BA1F-A21BB8E49D95}.Ad-Hoc|x86.ActiveCfg = Release|x86
		{65B2C734-4E70-49A3-BA1F-A21BB8E49D95}.Ad-Hoc|x86.Build.0 = Release|x86
		{65B2C734-4E70-49A3-BA1F-A21BB8E49D95}.Ad-Hoc|x86.Deploy.0 = Release|x86
		{65B2C734-4E70-49A3-BA1F-A21BB8E49D95}.AppStore|Any CPU.ActiveCfg = Release|Any CPU
		{65B2C734-4E70-49A3-BA1F-A21BB8E49D95}.AppStore|Any CPU.Build.0 = Release|Any CPU
		{65B2C734-4E70-49A3-BA1F-A21BB8E49D95}.AppStore|Any CPU.Deploy.0 = Release|Any CPU
		{65B2C734-4E70-49A3-BA1F-A21BB8E49D95}.AppStore|ARM.ActiveCfg = Release|ARM
		{65B2C734-4E70-49A3-BA1F-A21BB8E49D95}.AppStore|ARM.Build.0 = Release|ARM
		{65B2C734-4E70-49A3-BA1F-A21BB8E49D95}.AppStore|ARM.Deploy.0 = Release|ARM
		{65B2C734-4E70-49A3-BA1F-A21BB8E49D95}.AppStore|iPhone.ActiveCfg = Release|Any CPU
		{65B2C734-4E70-49A3-BA1F-A21BB8E49D95}.AppStore|iPhoneSimulator.ActiveCfg = Release|Any CPU
		{65B2C734-4E70-49A3-BA1F-A21BB8E49D95}.AppStore|Mixed Platforms.ActiveCfg = Release|x86
		{65B2C734-4E70-49A3-BA1F-A21BB8E49D95}.AppStore|Mixed Platforms.Build.0 = Release|x86
		{65B2C734-4E70-49A3-BA1F-A21BB8E49D95}.AppStore|Mixed Platforms.Deploy.0 = Release|x86
		{65B2C734-4E70-49A3-BA1F-A21BB8E49D95}.AppStore|x64.ActiveCfg = Release|x64
		{65B2C734-4E70-49A3-BA1F-A21BB8E49D95}.AppStore|x64.Build.0 = Release|x64
		{65B2C734-4E70-49A3-BA1F-A21BB8E49D95}.AppStore|x64.Deploy.0 = Release|x64
		{65B2C734-4E70-49A3-BA1F-A21BB8E49D95}.AppStore|x86.ActiveCfg = Release|x86
		{65B2C734-4E70-49A3-BA1F-A21BB8E49D95}.AppStore|x86.Build.0 = Release|x86
		{65B2C734-4E70-49A3-BA1F-A21BB8E49D95}.AppStore|x86.Deploy.0 = Release|x86
		{65B2C734-4E70-49A3-BA1F-A21BB8E49D95}.Debug|Any CPU.ActiveCfg = Debug|Any CPU
		{65B2C734-4E70-49A3-BA1F-A21BB8E49D95}.Debug|Any CPU.Build.0 = Debug|Any CPU
		{65B2C734-4E70-49A3-BA1F-A21BB8E49D95}.Debug|Any CPU.Deploy.0 = Debug|Any CPU
		{65B2C734-4E70-49A3-BA1F-A21BB8E49D95}.Debug|ARM.ActiveCfg = Debug|ARM
		{65B2C734-4E70-49A3-BA1F-A21BB8E49D95}.Debug|ARM.Build.0 = Debug|ARM
		{65B2C734-4E70-49A3-BA1F-A21BB8E49D95}.Debug|ARM.Deploy.0 = Debug|ARM
		{65B2C734-4E70-49A3-BA1F-A21BB8E49D95}.Debug|iPhone.ActiveCfg = Debug|Any CPU
		{65B2C734-4E70-49A3-BA1F-A21BB8E49D95}.Debug|iPhoneSimulator.ActiveCfg = Debug|Any CPU
		{65B2C734-4E70-49A3-BA1F-A21BB8E49D95}.Debug|Mixed Platforms.ActiveCfg = Debug|x86
		{65B2C734-4E70-49A3-BA1F-A21BB8E49D95}.Debug|Mixed Platforms.Build.0 = Debug|x86
		{65B2C734-4E70-49A3-BA1F-A21BB8E49D95}.Debug|Mixed Platforms.Deploy.0 = Debug|x86
		{65B2C734-4E70-49A3-BA1F-A21BB8E49D95}.Debug|x64.ActiveCfg = Debug|x64
		{65B2C734-4E70-49A3-BA1F-A21BB8E49D95}.Debug|x64.Build.0 = Debug|x64
		{65B2C734-4E70-49A3-BA1F-A21BB8E49D95}.Debug|x64.Deploy.0 = Debug|x64
		{65B2C734-4E70-49A3-BA1F-A21BB8E49D95}.Debug|x86.ActiveCfg = Debug|x86
		{65B2C734-4E70-49A3-BA1F-A21BB8E49D95}.Debug|x86.Build.0 = Debug|x86
		{65B2C734-4E70-49A3-BA1F-A21BB8E49D95}.Debug|x86.Deploy.0 = Debug|x86
		{65B2C734-4E70-49A3-BA1F-A21BB8E49D95}.Release|Any CPU.ActiveCfg = Release|Any CPU
		{65B2C734-4E70-49A3-BA1F-A21BB8E49D95}.Release|Any CPU.Build.0 = Release|Any CPU
		{65B2C734-4E70-49A3-BA1F-A21BB8E49D95}.Release|Any CPU.Deploy.0 = Release|Any CPU
		{65B2C734-4E70-49A3-BA1F-A21BB8E49D95}.Release|ARM.ActiveCfg = Release|ARM
		{65B2C734-4E70-49A3-BA1F-A21BB8E49D95}.Release|ARM.Build.0 = Release|ARM
		{65B2C734-4E70-49A3-BA1F-A21BB8E49D95}.Release|ARM.Deploy.0 = Release|ARM
		{65B2C734-4E70-49A3-BA1F-A21BB8E49D95}.Release|iPhone.ActiveCfg = Release|Any CPU
		{65B2C734-4E70-49A3-BA1F-A21BB8E49D95}.Release|iPhoneSimulator.ActiveCfg = Release|Any CPU
		{65B2C734-4E70-49A3-BA1F-A21BB8E49D95}.Release|Mixed Platforms.ActiveCfg = Release|x86
		{65B2C734-4E70-49A3-BA1F-A21BB8E49D95}.Release|Mixed Platforms.Build.0 = Release|x86
		{65B2C734-4E70-49A3-BA1F-A21BB8E49D95}.Release|Mixed Platforms.Deploy.0 = Release|x86
		{65B2C734-4E70-49A3-BA1F-A21BB8E49D95}.Release|x64.ActiveCfg = Release|x64
		{65B2C734-4E70-49A3-BA1F-A21BB8E49D95}.Release|x64.Build.0 = Release|x64
		{65B2C734-4E70-49A3-BA1F-A21BB8E49D95}.Release|x64.Deploy.0 = Release|x64
		{65B2C734-4E70-49A3-BA1F-A21BB8E49D95}.Release|x86.ActiveCfg = Release|x86
		{65B2C734-4E70-49A3-BA1F-A21BB8E49D95}.Release|x86.Build.0 = Release|x86
		{65B2C734-4E70-49A3-BA1F-A21BB8E49D95}.Release|x86.Deploy.0 = Release|x86
		{C153C97F-2A62-46AE-AE95-D03B1806BB13}.Ad-Hoc|Any CPU.ActiveCfg = Release|Any CPU
		{C153C97F-2A62-46AE-AE95-D03B1806BB13}.Ad-Hoc|Any CPU.Build.0 = Release|Any CPU
		{C153C97F-2A62-46AE-AE95-D03B1806BB13}.Ad-Hoc|ARM.ActiveCfg = Release|Any CPU
		{C153C97F-2A62-46AE-AE95-D03B1806BB13}.Ad-Hoc|iPhone.ActiveCfg = Release|Any CPU
		{C153C97F-2A62-46AE-AE95-D03B1806BB13}.Ad-Hoc|iPhone.Build.0 = Release|Any CPU
		{C153C97F-2A62-46AE-AE95-D03B1806BB13}.Ad-Hoc|iPhoneSimulator.ActiveCfg = Release|Any CPU
		{C153C97F-2A62-46AE-AE95-D03B1806BB13}.Ad-Hoc|iPhoneSimulator.Build.0 = Release|Any CPU
		{C153C97F-2A62-46AE-AE95-D03B1806BB13}.Ad-Hoc|Mixed Platforms.ActiveCfg = Release|Any CPU
		{C153C97F-2A62-46AE-AE95-D03B1806BB13}.Ad-Hoc|Mixed Platforms.Build.0 = Release|Any CPU
		{C153C97F-2A62-46AE-AE95-D03B1806BB13}.Ad-Hoc|x64.ActiveCfg = Release|Any CPU
		{C153C97F-2A62-46AE-AE95-D03B1806BB13}.Ad-Hoc|x86.ActiveCfg = Release|Any CPU
		{C153C97F-2A62-46AE-AE95-D03B1806BB13}.AppStore|Any CPU.ActiveCfg = Release|Any CPU
		{C153C97F-2A62-46AE-AE95-D03B1806BB13}.AppStore|Any CPU.Build.0 = Release|Any CPU
		{C153C97F-2A62-46AE-AE95-D03B1806BB13}.AppStore|ARM.ActiveCfg = Release|Any CPU
		{C153C97F-2A62-46AE-AE95-D03B1806BB13}.AppStore|iPhone.ActiveCfg = Release|Any CPU
		{C153C97F-2A62-46AE-AE95-D03B1806BB13}.AppStore|iPhone.Build.0 = Release|Any CPU
		{C153C97F-2A62-46AE-AE95-D03B1806BB13}.AppStore|iPhoneSimulator.ActiveCfg = Release|Any CPU
		{C153C97F-2A62-46AE-AE95-D03B1806BB13}.AppStore|iPhoneSimulator.Build.0 = Release|Any CPU
		{C153C97F-2A62-46AE-AE95-D03B1806BB13}.AppStore|Mixed Platforms.ActiveCfg = Release|Any CPU
		{C153C97F-2A62-46AE-AE95-D03B1806BB13}.AppStore|Mixed Platforms.Build.0 = Release|Any CPU
		{C153C97F-2A62-46AE-AE95-D03B1806BB13}.AppStore|x64.ActiveCfg = Release|Any CPU
		{C153C97F-2A62-46AE-AE95-D03B1806BB13}.AppStore|x86.ActiveCfg = Release|Any CPU
		{C153C97F-2A62-46AE-AE95-D03B1806BB13}.Debug|Any CPU.ActiveCfg = Debug|Any CPU
		{C153C97F-2A62-46AE-AE95-D03B1806BB13}.Debug|Any CPU.Build.0 = Debug|Any CPU
		{C153C97F-2A62-46AE-AE95-D03B1806BB13}.Debug|ARM.ActiveCfg = Debug|Any CPU
		{C153C97F-2A62-46AE-AE95-D03B1806BB13}.Debug|iPhone.ActiveCfg = Debug|Any CPU
		{C153C97F-2A62-46AE-AE95-D03B1806BB13}.Debug|iPhone.Build.0 = Debug|Any CPU
		{C153C97F-2A62-46AE-AE95-D03B1806BB13}.Debug|iPhoneSimulator.ActiveCfg = Debug|Any CPU
		{C153C97F-2A62-46AE-AE95-D03B1806BB13}.Debug|iPhoneSimulator.Build.0 = Debug|Any CPU
		{C153C97F-2A62-46AE-AE95-D03B1806BB13}.Debug|Mixed Platforms.ActiveCfg = Debug|Any CPU
		{C153C97F-2A62-46AE-AE95-D03B1806BB13}.Debug|Mixed Platforms.Build.0 = Debug|Any CPU
		{C153C97F-2A62-46AE-AE95-D03B1806BB13}.Debug|x64.ActiveCfg = Debug|Any CPU
		{C153C97F-2A62-46AE-AE95-D03B1806BB13}.Debug|x86.ActiveCfg = Debug|Any CPU
		{C153C97F-2A62-46AE-AE95-D03B1806BB13}.Release|Any CPU.ActiveCfg = Release|Any CPU
		{C153C97F-2A62-46AE-AE95-D03B1806BB13}.Release|Any CPU.Build.0 = Release|Any CPU
		{C153C97F-2A62-46AE-AE95-D03B1806BB13}.Release|ARM.ActiveCfg = Release|Any CPU
		{C153C97F-2A62-46AE-AE95-D03B1806BB13}.Release|iPhone.ActiveCfg = Release|Any CPU
		{C153C97F-2A62-46AE-AE95-D03B1806BB13}.Release|iPhone.Build.0 = Release|Any CPU
		{C153C97F-2A62-46AE-AE95-D03B1806BB13}.Release|iPhoneSimulator.ActiveCfg = Release|Any CPU
		{C153C97F-2A62-46AE-AE95-D03B1806BB13}.Release|iPhoneSimulator.Build.0 = Release|Any CPU
		{C153C97F-2A62-46AE-AE95-D03B1806BB13}.Release|Mixed Platforms.ActiveCfg = Release|Any CPU
		{C153C97F-2A62-46AE-AE95-D03B1806BB13}.Release|Mixed Platforms.Build.0 = Release|Any CPU
		{C153C97F-2A62-46AE-AE95-D03B1806BB13}.Release|x64.ActiveCfg = Release|Any CPU
		{C153C97F-2A62-46AE-AE95-D03B1806BB13}.Release|x86.ActiveCfg = Release|Any CPU
	EndGlobalSection
	GlobalSection(SolutionProperties) = preSolution
		HideSolutionNode = FALSE
	EndGlobalSection
EndGlobal
