
Microsoft Visual Studio Solution File, Format Version 12.00
# Visual Studio 2013
VisualStudioVersion = 12.0.40629.0
MinimumVisualStudioVersion = 10.0.40219.1
Project("{FAE04EC0-301F-11D3-BF4B-00C04F79EFBC}") = "TRAFFIC_APP_P3.Droid", "TRAFFIC_APP_P3\TRAFFIC_APP_P3.Droid\TRAFFIC_APP_P3.Droid.csproj", "{59E4DD57-B9FB-4471-8F68-2C1065A76BC1}"
EndProject
Project("{FAE04EC0-301F-11D3-BF4B-00C04F79EFBC}") = "TRAFFIC_APP_P3.iOS", "TRAFFIC_APP_P3\TRAFFIC_APP_P3.iOS\TRAFFIC_APP_P3.iOS.csproj", "{3D958E65-8B6A-472D-98B9-31455E03B653}"
EndProject
Project("{FAE04EC0-301F-11D3-BF4B-00C04F79EFBC}") = "TRAFFIC_APP_P3.WinPhone", "TRAFFIC_APP_P3\TRAFFIC_APP_P3.WinPhone\TRAFFIC_APP_P3.WinPhone.csproj", "{D944BC00-51EA-4A9D-96E8-9AB099C62F9F}"
EndProject
Project("{FAE04EC0-301F-11D3-BF4B-00C04F79EFBC}") = "TRAFFIC_APP_P3.Windows", "TRAFFIC_APP_P3\TRAFFIC_APP_P3.Windows\TRAFFIC_APP_P3.Windows.csproj", "{23BD3C67-933A-497E-8890-7F5E75489D71}"
EndProject
Project("{FAE04EC0-301F-11D3-BF4B-00C04F79EFBC}") = "TRAFFIC_APP_P3", "TRAFFIC_APP_P3\TRAFFIC_APP_P3\TRAFFIC_APP_P3.csproj", "{A7289F26-0362-43E4-B9BA-5F6BBAF0B645}"
EndProject
Global
	GlobalSection(SolutionConfigurationPlatforms) = preSolution
		Ad-Hoc|Any CPU = Ad-Hoc|Any CPU
		Ad-Hoc|ARM = Ad-Hoc|ARM
		Ad-Hoc|iPhone = Ad-Hoc|iPhone
		Ad-Hoc|iPhoneSimulator = Ad-Hoc|iPhoneSimulator
		Ad-Hoc|Mixed Platforms = Ad-Hoc|Mixed Platforms
		Ad-Hoc|x64 = Ad-Hoc|x64
		Ad-Hoc|x86 = Ad-Hoc|x86
		AppStore|Any CPU = AppStore|Any CPU
		AppStore|ARM = AppStore|ARM
		AppStore|iPhone = AppStore|iPhone
		AppStore|iPhoneSimulator = AppStore|iPhoneSimulator
		AppStore|Mixed Platforms = AppStore|Mixed Platforms
		AppStore|x64 = AppStore|x64
		AppStore|x86 = AppStore|x86
		Debug|Any CPU = Debug|Any CPU
		Debug|ARM = Debug|ARM
		Debug|iPhone = Debug|iPhone
		Debug|iPhoneSimulator = Debug|iPhoneSimulator
		Debug|Mixed Platforms = Debug|Mixed Platforms
		Debug|x64 = Debug|x64
		Debug|x86 = Debug|x86
		Release|Any CPU = Release|Any CPU
		Release|ARM = Release|ARM
		Release|iPhone = Release|iPhone
		Release|iPhoneSimulator = Release|iPhoneSimulator
		Release|Mixed Platforms = Release|Mixed Platforms
		Release|x64 = Release|x64
		Release|x86 = Release|x86
	EndGlobalSection
	GlobalSection(ProjectConfigurationPlatforms) = postSolution
		{59E4DD57-B9FB-4471-8F68-2C1065A76BC1}.Ad-Hoc|Any CPU.ActiveCfg = Release|Any CPU
		{59E4DD57-B9FB-4471-8F68-2C1065A76BC1}.Ad-Hoc|Any CPU.Build.0 = Release|Any CPU
		{59E4DD57-B9FB-4471-8F68-2C1065A76BC1}.Ad-Hoc|Any CPU.Deploy.0 = Release|Any CPU
		{59E4DD57-B9FB-4471-8F68-2C1065A76BC1}.Ad-Hoc|ARM.ActiveCfg = Release|Any CPU
		{59E4DD57-B9FB-4471-8F68-2C1065A76BC1}.Ad-Hoc|iPhone.ActiveCfg = Release|Any CPU
		{59E4DD57-B9FB-4471-8F68-2C1065A76BC1}.Ad-Hoc|iPhoneSimulator.ActiveCfg = Release|Any CPU
		{59E4DD57-B9FB-4471-8F68-2C1065A76BC1}.Ad-Hoc|Mixed Platforms.ActiveCfg = Release|Any CPU
		{59E4DD57-B9FB-4471-8F68-2C1065A76BC1}.Ad-Hoc|Mixed Platforms.Build.0 = Release|Any CPU
		{59E4DD57-B9FB-4471-8F68-2C1065A76BC1}.Ad-Hoc|Mixed Platforms.Deploy.0 = Release|Any CPU
		{59E4DD57-B9FB-4471-8F68-2C1065A76BC1}.Ad-Hoc|x64.ActiveCfg = Release|Any CPU
		{59E4DD57-B9FB-4471-8F68-2C1065A76BC1}.Ad-Hoc|x86.ActiveCfg = Release|Any CPU
		{59E4DD57-B9FB-4471-8F68-2C1065A76BC1}.AppStore|Any CPU.ActiveCfg = Release|Any CPU
		{59E4DD57-B9FB-4471-8F68-2C1065A76BC1}.AppStore|Any CPU.Build.0 = Release|Any CPU
		{59E4DD57-B9FB-4471-8F68-2C1065A76BC1}.AppStore|Any CPU.Deploy.0 = Release|Any CPU
		{59E4DD57-B9FB-4471-8F68-2C1065A76BC1}.AppStore|ARM.ActiveCfg = Release|Any CPU
		{59E4DD57-B9FB-4471-8F68-2C1065A76BC1}.AppStore|iPhone.ActiveCfg = Release|Any CPU
		{59E4DD57-B9FB-4471-8F68-2C1065A76BC1}.AppStore|iPhoneSimulator.ActiveCfg = Release|Any CPU
		{59E4DD57-B9FB-4471-8F68-2C1065A76BC1}.AppStore|Mixed Platforms.ActiveCfg = Release|Any CPU
		{59E4DD57-B9FB-4471-8F68-2C1065A76BC1}.AppStore|Mixed Platforms.Build.0 = Release|Any CPU
		{59E4DD57-B9FB-4471-8F68-2C1065A76BC1}.AppStore|Mixed Platforms.Deploy.0 = Release|Any CPU
		{59E4DD57-B9FB-4471-8F68-2C1065A76BC1}.AppStore|x64.ActiveCfg = Release|Any CPU
		{59E4DD57-B9FB-4471-8F68-2C1065A76BC1}.AppStore|x86.ActiveCfg = Release|Any CPU
		{59E4DD57-B9FB-4471-8F68-2C1065A76BC1}.Debug|Any CPU.ActiveCfg = Debug|Any CPU
		{59E4DD57-B9FB-4471-8F68-2C1065A76BC1}.Debug|Any CPU.Build.0 = Debug|Any CPU
		{59E4DD57-B9FB-4471-8F68-2C1065A76BC1}.Debug|Any CPU.Deploy.0 = Debug|Any CPU
		{59E4DD57-B9FB-4471-8F68-2C1065A76BC1}.Debug|ARM.ActiveCfg = Debug|Any CPU
		{59E4DD57-B9FB-4471-8F68-2C1065A76BC1}.Debug|iPhone.ActiveCfg = Debug|Any CPU
		{59E4DD57-B9FB-4471-8F68-2C1065A76BC1}.Debug|iPhoneSimulator.ActiveCfg = Debug|Any CPU
		{59E4DD57-B9FB-4471-8F68-2C1065A76BC1}.Debug|Mixed Platforms.ActiveCfg = Debug|Any CPU
		{59E4DD57-B9FB-4471-8F68-2C1065A76BC1}.Debug|Mixed Platforms.Build.0 = Debug|Any CPU
		{59E4DD57-B9FB-4471-8F68-2C1065A76BC1}.Debug|Mixed Platforms.Deploy.0 = Debug|Any CPU
		{59E4DD57-B9FB-4471-8F68-2C1065A76BC1}.Debug|x64.ActiveCfg = Debug|Any CPU
		{59E4DD57-B9FB-4471-8F68-2C1065A76BC1}.Debug|x86.ActiveCfg = Debug|Any CPU
		{59E4DD57-B9FB-4471-8F68-2C1065A76BC1}.Release|Any CPU.ActiveCfg = Release|Any CPU
		{59E4DD57-B9FB-4471-8F68-2C1065A76BC1}.Release|Any CPU.Build.0 = Release|Any CPU
		{59E4DD57-B9FB-4471-8F68-2C1065A76BC1}.Release|Any CPU.Deploy.0 = Release|Any CPU
		{59E4DD57-B9FB-4471-8F68-2C1065A76BC1}.Release|ARM.ActiveCfg = Release|Any CPU
		{59E4DD57-B9FB-4471-8F68-2C1065A76BC1}.Release|iPhone.ActiveCfg = Release|Any CPU
		{59E4DD57-B9FB-4471-8F68-2C1065A76BC1}.Release|iPhoneSimulator.ActiveCfg = Release|Any CPU
		{59E4DD57-B9FB-4471-8F68-2C1065A76BC1}.Release|Mixed Platforms.ActiveCfg = Release|Any CPU
		{59E4DD57-B9FB-4471-8F68-2C1065A76BC1}.Release|Mixed Platforms.Build.0 = Release|Any CPU
		{59E4DD57-B9FB-4471-8F68-2C1065A76BC1}.Release|Mixed Platforms.Deploy.0 = Release|Any CPU
		{59E4DD57-B9FB-4471-8F68-2C1065A76BC1}.Release|x64.ActiveCfg = Release|Any CPU
		{59E4DD57-B9FB-4471-8F68-2C1065A76BC1}.Release|x86.ActiveCfg = Release|Any CPU
		{3D958E65-8B6A-472D-98B9-31455E03B653}.Ad-Hoc|Any CPU.ActiveCfg = Ad-Hoc|iPhone
		{3D958E65-8B6A-472D-98B9-31455E03B653}.Ad-Hoc|ARM.ActiveCfg = Ad-Hoc|iPhone
		{3D958E65-8B6A-472D-98B9-31455E03B653}.Ad-Hoc|iPhone.ActiveCfg = Ad-Hoc|iPhone
		{3D958E65-8B6A-472D-98B9-31455E03B653}.Ad-Hoc|iPhone.Build.0 = Ad-Hoc|iPhone
		{3D958E65-8B6A-472D-98B9-31455E03B653}.Ad-Hoc|iPhoneSimulator.ActiveCfg = Ad-Hoc|iPhoneSimulator
		{3D958E65-8B6A-472D-98B9-31455E03B653}.Ad-Hoc|iPhoneSimulator.Build.0 = Ad-Hoc|iPhoneSimulator
		{3D958E65-8B6A-472D-98B9-31455E03B653}.Ad-Hoc|Mixed Platforms.ActiveCfg = Ad-Hoc|iPhone
		{3D958E65-8B6A-472D-98B9-31455E03B653}.Ad-Hoc|Mixed Platforms.Build.0 = Ad-Hoc|iPhone
		{3D958E65-8B6A-472D-98B9-31455E03B653}.Ad-Hoc|x64.ActiveCfg = Ad-Hoc|iPhone
		{3D958E65-8B6A-472D-98B9-31455E03B653}.Ad-Hoc|x86.ActiveCfg = Ad-Hoc|iPhone
		{3D958E65-8B6A-472D-98B9-31455E03B653}.AppStore|Any CPU.ActiveCfg = AppStore|iPhone
		{3D958E65-8B6A-472D-98B9-31455E03B653}.AppStore|ARM.ActiveCfg = AppStore|iPhone
		{3D958E65-8B6A-472D-98B9-31455E03B653}.AppStore|iPhone.ActiveCfg = AppStore|iPhone
		{3D958E65-8B6A-472D-98B9-31455E03B653}.AppStore|iPhone.Build.0 = AppStore|iPhone
		{3D958E65-8B6A-472D-98B9-31455E03B653}.AppStore|iPhoneSimulator.ActiveCfg = AppStore|iPhoneSimulator
		{3D958E65-8B6A-472D-98B9-31455E03B653}.AppStore|iPhoneSimulator.Build.0 = AppStore|iPhoneSimulator
		{3D958E65-8B6A-472D-98B9-31455E03B653}.AppStore|Mixed Platforms.ActiveCfg = AppStore|iPhone
		{3D958E65-8B6A-472D-98B9-31455E03B653}.AppStore|Mixed Platforms.Build.0 = AppStore|iPhone
		{3D958E65-8B6A-472D-98B9-31455E03B653}.AppStore|x64.ActiveCfg = AppStore|iPhone
		{3D958E65-8B6A-472D-98B9-31455E03B653}.AppStore|x86.ActiveCfg = AppStore|iPhone
		{3D958E65-8B6A-472D-98B9-31455E03B653}.Debug|Any CPU.ActiveCfg = Debug|iPhone
		{3D958E65-8B6A-472D-98B9-31455E03B653}.Debug|ARM.ActiveCfg = Debug|iPhone
		{3D958E65-8B6A-472D-98B9-31455E03B653}.Debug|iPhone.ActiveCfg = Debug|iPhone
		{3D958E65-8B6A-472D-98B9-31455E03B653}.Debug|iPhone.Build.0 = Debug|iPhone
		{3D958E65-8B6A-472D-98B9-31455E03B653}.Debug|iPhoneSimulator.ActiveCfg = Debug|iPhoneSimulator
		{3D958E65-8B6A-472D-98B9-31455E03B653}.Debug|iPhoneSimulator.Build.0 = Debug|iPhoneSimulator
		{3D958E65-8B6A-472D-98B9-31455E03B653}.Debug|Mixed Platforms.ActiveCfg = Debug|iPhone
		{3D958E65-8B6A-472D-98B9-31455E03B653}.Debug|Mixed Platforms.Build.0 = Debug|iPhone
		{3D958E65-8B6A-472D-98B9-31455E03B653}.Debug|x64.ActiveCfg = Debug|iPhone
		{3D958E65-8B6A-472D-98B9-31455E03B653}.Debug|x86.ActiveCfg = Debug|iPhone
		{3D958E65-8B6A-472D-98B9-31455E03B653}.Release|Any CPU.ActiveCfg = Release|iPhone
		{3D958E65-8B6A-472D-98B9-31455E03B653}.Release|ARM.ActiveCfg = Release|iPhone
		{3D958E65-8B6A-472D-98B9-31455E03B653}.Release|iPhone.ActiveCfg = Release|iPhone
		{3D958E65-8B6A-472D-98B9-31455E03B653}.Release|iPhone.Build.0 = Release|iPhone
		{3D958E65-8B6A-472D-98B9-31455E03B653}.Release|iPhoneSimulator.ActiveCfg = Release|iPhoneSimulator
		{3D958E65-8B6A-472D-98B9-31455E03B653}.Release|iPhoneSimulator.Build.0 = Release|iPhoneSimulator
		{3D958E65-8B6A-472D-98B9-31455E03B653}.Release|Mixed Platforms.ActiveCfg = Release|iPhone
		{3D958E65-8B6A-472D-98B9-31455E03B653}.Release|Mixed Platforms.Build.0 = Release|iPhone
		{3D958E65-8B6A-472D-98B9-31455E03B653}.Release|x64.ActiveCfg = Release|iPhone
		{3D958E65-8B6A-472D-98B9-31455E03B653}.Release|x86.ActiveCfg = Release|iPhone
		{D944BC00-51EA-4A9D-96E8-9AB099C62F9F}.Ad-Hoc|Any CPU.ActiveCfg = Release|Any CPU
		{D944BC00-51EA-4A9D-96E8-9AB099C62F9F}.Ad-Hoc|Any CPU.Build.0 = Release|Any CPU
		{D944BC00-51EA-4A9D-96E8-9AB099C62F9F}.Ad-Hoc|Any CPU.Deploy.0 = Release|Any CPU
		{D944BC00-51EA-4A9D-96E8-9AB099C62F9F}.Ad-Hoc|ARM.ActiveCfg = Release|ARM
		{D944BC00-51EA-4A9D-96E8-9AB099C62F9F}.Ad-Hoc|ARM.Build.0 = Release|ARM
		{D944BC00-51EA-4A9D-96E8-9AB099C62F9F}.Ad-Hoc|ARM.Deploy.0 = Release|ARM
		{D944BC00-51EA-4A9D-96E8-9AB099C62F9F}.Ad-Hoc|iPhone.ActiveCfg = Release|Any CPU
		{D944BC00-51EA-4A9D-96E8-9AB099C62F9F}.Ad-Hoc|iPhoneSimulator.ActiveCfg = Release|Any CPU
		{D944BC00-51EA-4A9D-96E8-9AB099C62F9F}.Ad-Hoc|Mixed Platforms.ActiveCfg = Release|x86
		{D944BC00-51EA-4A9D-96E8-9AB099C62F9F}.Ad-Hoc|Mixed Platforms.Build.0 = Release|x86
		{D944BC00-51EA-4A9D-96E8-9AB099C62F9F}.Ad-Hoc|Mixed Platforms.Deploy.0 = Release|x86
		{D944BC00-51EA-4A9D-96E8-9AB099C62F9F}.Ad-Hoc|x64.ActiveCfg = Release|Any CPU
		{D944BC00-51EA-4A9D-96E8-9AB099C62F9F}.Ad-Hoc|x86.ActiveCfg = Release|x86
		{D944BC00-51EA-4A9D-96E8-9AB099C62F9F}.Ad-Hoc|x86.Build.0 = Release|x86
		{D944BC00-51EA-4A9D-96E8-9AB099C62F9F}.Ad-Hoc|x86.Deploy.0 = Release|x86
		{D944BC00-51EA-4A9D-96E8-9AB099C62F9F}.AppStore|Any CPU.ActiveCfg = Release|Any CPU
		{D944BC00-51EA-4A9D-96E8-9AB099C62F9F}.AppStore|Any CPU.Build.0 = Release|Any CPU
		{D944BC00-51EA-4A9D-96E8-9AB099C62F9F}.AppStore|Any CPU.Deploy.0 = Release|Any CPU
		{D944BC00-51EA-4A9D-96E8-9AB099C62F9F}.AppStore|ARM.ActiveCfg = Release|ARM
		{D944BC00-51EA-4A9D-96E8-9AB099C62F9F}.AppStore|ARM.Build.0 = Release|ARM
		{D944BC00-51EA-4A9D-96E8-9AB099C62F9F}.AppStore|ARM.Deploy.0 = Release|ARM
		{D944BC00-51EA-4A9D-96E8-9AB099C62F9F}.AppStore|iPhone.ActiveCfg = Release|Any CPU
		{D944BC00-51EA-4A9D-96E8-9AB099C62F9F}.AppStore|iPhoneSimulator.ActiveCfg = Release|Any CPU
		{D944BC00-51EA-4A9D-96E8-9AB099C62F9F}.AppStore|Mixed Platforms.ActiveCfg = Release|x86
		{D944BC00-51EA-4A9D-96E8-9AB099C62F9F}.AppStore|Mixed Platforms.Build.0 = Release|x86
		{D944BC00-51EA-4A9D-96E8-9AB099C62F9F}.AppStore|Mixed Platforms.Deploy.0 = Release|x86
		{D944BC00-51EA-4A9D-96E8-9AB099C62F9F}.AppStore|x64.ActiveCfg = Release|Any CPU
		{D944BC00-51EA-4A9D-96E8-9AB099C62F9F}.AppStore|x86.ActiveCfg = Release|x86
		{D944BC00-51EA-4A9D-96E8-9AB099C62F9F}.AppStore|x86.Build.0 = Release|x86
		{D944BC00-51EA-4A9D-96E8-9AB099C62F9F}.AppStore|x86.Deploy.0 = Release|x86
		{D944BC00-51EA-4A9D-96E8-9AB099C62F9F}.Debug|Any CPU.ActiveCfg = Debug|Any CPU
		{D944BC00-51EA-4A9D-96E8-9AB099C62F9F}.Debug|Any CPU.Build.0 = Debug|Any CPU
		{D944BC00-51EA-4A9D-96E8-9AB099C62F9F}.Debug|Any CPU.Deploy.0 = Debug|Any CPU
		{D944BC00-51EA-4A9D-96E8-9AB099C62F9F}.Debug|ARM.ActiveCfg = Debug|ARM
		{D944BC00-51EA-4A9D-96E8-9AB099C62F9F}.Debug|ARM.Build.0 = Debug|ARM
		{D944BC00-51EA-4A9D-96E8-9AB099C62F9F}.Debug|ARM.Deploy.0 = Debug|ARM
		{D944BC00-51EA-4A9D-96E8-9AB099C62F9F}.Debug|iPhone.ActiveCfg = Debug|Any CPU
		{D944BC00-51EA-4A9D-96E8-9AB099C62F9F}.Debug|iPhoneSimulator.ActiveCfg = Debug|Any CPU
		{D944BC00-51EA-4A9D-96E8-9AB099C62F9F}.Debug|Mixed Platforms.ActiveCfg = Debug|x86
		{D944BC00-51EA-4A9D-96E8-9AB099C62F9F}.Debug|Mixed Platforms.Build.0 = Debug|x86
		{D944BC00-51EA-4A9D-96E8-9AB099C62F9F}.Debug|Mixed Platforms.Deploy.0 = Debug|x86
		{D944BC00-51EA-4A9D-96E8-9AB099C62F9F}.Debug|x64.ActiveCfg = Debug|Any CPU
		{D944BC00-51EA-4A9D-96E8-9AB099C62F9F}.Debug|x86.ActiveCfg = Debug|x86
		{D944BC00-51EA-4A9D-96E8-9AB099C62F9F}.Debug|x86.Build.0 = Debug|x86
		{D944BC00-51EA-4A9D-96E8-9AB099C62F9F}.Debug|x86.Deploy.0 = Debug|x86
		{D944BC00-51EA-4A9D-96E8-9AB099C62F9F}.Release|Any CPU.ActiveCfg = Release|Any CPU
		{D944BC00-51EA-4A9D-96E8-9AB099C62F9F}.Release|Any CPU.Build.0 = Release|Any CPU
		{D944BC00-51EA-4A9D-96E8-9AB099C62F9F}.Release|Any CPU.Deploy.0 = Release|Any CPU
		{D944BC00-51EA-4A9D-96E8-9AB099C62F9F}.Release|ARM.ActiveCfg = Release|ARM
		{D944BC00-51EA-4A9D-96E8-9AB099C62F9F}.Release|ARM.Build.0 = Release|ARM
		{D944BC00-51EA-4A9D-96E8-9AB099C62F9F}.Release|ARM.Deploy.0 = Release|ARM
		{D944BC00-51EA-4A9D-96E8-9AB099C62F9F}.Release|iPhone.ActiveCfg = Release|Any CPU
		{D944BC00-51EA-4A9D-96E8-9AB099C62F9F}.Release|iPhoneSimulator.ActiveCfg = Release|Any CPU
		{D944BC00-51EA-4A9D-96E8-9AB099C62F9F}.Release|Mixed Platforms.ActiveCfg = Release|x86
		{D944BC00-51EA-4A9D-96E8-9AB099C62F9F}.Release|Mixed Platforms.Build.0 = Release|x86
		{D944BC00-51EA-4A9D-96E8-9AB099C62F9F}.Release|Mixed Platforms.Deploy.0 = Release|x86
		{D944BC00-51EA-4A9D-96E8-9AB099C62F9F}.Release|x64.ActiveCfg = Release|Any CPU
		{D944BC00-51EA-4A9D-96E8-9AB099C62F9F}.Release|x86.ActiveCfg = Release|x86
		{D944BC00-51EA-4A9D-96E8-9AB099C62F9F}.Release|x86.Build.0 = Release|x86
		{D944BC00-51EA-4A9D-96E8-9AB099C62F9F}.Release|x86.Deploy.0 = Release|x86
		{23BD3C67-933A-497E-8890-7F5E75489D71}.Ad-Hoc|Any CPU.ActiveCfg = Release|Any CPU
		{23BD3C67-933A-497E-8890-7F5E75489D71}.Ad-Hoc|Any CPU.Build.0 = Release|Any CPU
		{23BD3C67-933A-497E-8890-7F5E75489D71}.Ad-Hoc|Any CPU.Deploy.0 = Release|Any CPU
		{23BD3C67-933A-497E-8890-7F5E75489D71}.Ad-Hoc|ARM.ActiveCfg = Release|ARM
		{23BD3C67-933A-497E-8890-7F5E75489D71}.Ad-Hoc|ARM.Build.0 = Release|ARM
		{23BD3C67-933A-497E-8890-7F5E75489D71}.Ad-Hoc|ARM.Deploy.0 = Release|ARM
		{23BD3C67-933A-497E-8890-7F5E75489D71}.Ad-Hoc|iPhone.ActiveCfg = Release|Any CPU
		{23BD3C67-933A-497E-8890-7F5E75489D71}.Ad-Hoc|iPhoneSimulator.ActiveCfg = Release|Any CPU
		{23BD3C67-933A-497E-8890-7F5E75489D71}.Ad-Hoc|Mixed Platforms.ActiveCfg = Release|x86
		{23BD3C67-933A-497E-8890-7F5E75489D71}.Ad-Hoc|Mixed Platforms.Build.0 = Release|x86
		{23BD3C67-933A-497E-8890-7F5E75489D71}.Ad-Hoc|Mixed Platforms.Deploy.0 = Release|x86
		{23BD3C67-933A-497E-8890-7F5E75489D71}.Ad-Hoc|x64.ActiveCfg = Release|x64
		{23BD3C67-933A-497E-8890-7F5E75489D71}.Ad-Hoc|x64.Build.0 = Release|x64
		{23BD3C67-933A-497E-8890-7F5E75489D71}.Ad-Hoc|x64.Deploy.0 = Release|x64
		{23BD3C67-933A-497E-8890-7F5E75489D71}.Ad-Hoc|x86.ActiveCfg = Release|x86
		{23BD3C67-933A-497E-8890-7F5E75489D71}.Ad-Hoc|x86.Build.0 = Release|x86
		{23BD3C67-933A-497E-8890-7F5E75489D71}.Ad-Hoc|x86.Deploy.0 = Release|x86
		{23BD3C67-933A-497E-8890-7F5E75489D71}.AppStore|Any CPU.ActiveCfg = Release|Any CPU
		{23BD3C67-933A-497E-8890-7F5E75489D71}.AppStore|Any CPU.Build.0 = Release|Any CPU
		{23BD3C67-933A-497E-8890-7F5E75489D71}.AppStore|Any CPU.Deploy.0 = Release|Any CPU
		{23BD3C67-933A-497E-8890-7F5E75489D71}.AppStore|ARM.ActiveCfg = Release|ARM
		{23BD3C67-933A-497E-8890-7F5E75489D71}.AppStore|ARM.Build.0 = Release|ARM
		{23BD3C67-933A-497E-8890-7F5E75489D71}.AppStore|ARM.Deploy.0 = Release|ARM
		{23BD3C67-933A-497E-8890-7F5E75489D71}.AppStore|iPhone.ActiveCfg = Release|Any CPU
		{23BD3C67-933A-497E-8890-7F5E75489D71}.AppStore|iPhoneSimulator.ActiveCfg = Release|Any CPU
		{23BD3C67-933A-497E-8890-7F5E75489D71}.AppStore|Mixed Platforms.ActiveCfg = Release|x86
		{23BD3C67-933A-497E-8890-7F5E75489D71}.AppStore|Mixed Platforms.Build.0 = Release|x86
		{23BD3C67-933A-497E-8890-7F5E75489D71}.AppStore|Mixed Platforms.Deploy.0 = Release|x86
		{23BD3C67-933A-497E-8890-7F5E75489D71}.AppStore|x64.ActiveCfg = Release|x64
		{23BD3C67-933A-497E-8890-7F5E75489D71}.AppStore|x64.Build.0 = Release|x64
		{23BD3C67-933A-497E-8890-7F5E75489D71}.AppStore|x64.Deploy.0 = Release|x64
		{23BD3C67-933A-497E-8890-7F5E75489D71}.AppStore|x86.ActiveCfg = Release|x86
		{23BD3C67-933A-497E-8890-7F5E75489D71}.AppStore|x86.Build.0 = Release|x86
		{23BD3C67-933A-497E-8890-7F5E75489D71}.AppStore|x86.Deploy.0 = Release|x86
		{23BD3C67-933A-497E-8890-7F5E75489D71}.Debug|Any CPU.ActiveCfg = Debug|Any CPU
		{23BD3C67-933A-497E-8890-7F5E75489D71}.Debug|Any CPU.Build.0 = Debug|Any CPU
		{23BD3C67-933A-497E-8890-7F5E75489D71}.Debug|Any CPU.Deploy.0 = Debug|Any CPU
		{23BD3C67-933A-497E-8890-7F5E75489D71}.Debug|ARM.ActiveCfg = Debug|ARM
		{23BD3C67-933A-497E-8890-7F5E75489D71}.Debug|ARM.Build.0 = Debug|ARM
		{23BD3C67-933A-497E-8890-7F5E75489D71}.Debug|ARM.Deploy.0 = Debug|ARM
		{23BD3C67-933A-497E-8890-7F5E75489D71}.Debug|iPhone.ActiveCfg = Debug|Any CPU
		{23BD3C67-933A-497E-8890-7F5E75489D71}.Debug|iPhoneSimulator.ActiveCfg = Debug|Any CPU
		{23BD3C67-933A-497E-8890-7F5E75489D71}.Debug|Mixed Platforms.ActiveCfg = Debug|x86
		{23BD3C67-933A-497E-8890-7F5E75489D71}.Debug|Mixed Platforms.Build.0 = Debug|x86
		{23BD3C67-933A-497E-8890-7F5E75489D71}.Debug|Mixed Platforms.Deploy.0 = Debug|x86
		{23BD3C67-933A-497E-8890-7F5E75489D71}.Debug|x64.ActiveCfg = Debug|x64
		{23BD3C67-933A-497E-8890-7F5E75489D71}.Debug|x64.Build.0 = Debug|x64
		{23BD3C67-933A-497E-8890-7F5E75489D71}.Debug|x64.Deploy.0 = Debug|x64
		{23BD3C67-933A-497E-8890-7F5E75489D71}.Debug|x86.ActiveCfg = Debug|x86
		{23BD3C67-933A-497E-8890-7F5E75489D71}.Debug|x86.Build.0 = Debug|x86
		{23BD3C67-933A-497E-8890-7F5E75489D71}.Debug|x86.Deploy.0 = Debug|x86
		{23BD3C67-933A-497E-8890-7F5E75489D71}.Release|Any CPU.ActiveCfg = Release|Any CPU
		{23BD3C67-933A-497E-8890-7F5E75489D71}.Release|Any CPU.Build.0 = Release|Any CPU
		{23BD3C67-933A-497E-8890-7F5E75489D71}.Release|Any CPU.Deploy.0 = Release|Any CPU
		{23BD3C67-933A-497E-8890-7F5E75489D71}.Release|ARM.ActiveCfg = Release|ARM
		{23BD3C67-933A-497E-8890-7F5E75489D71}.Release|ARM.Build.0 = Release|ARM
		{23BD3C67-933A-497E-8890-7F5E75489D71}.Release|ARM.Deploy.0 = Release|ARM
		{23BD3C67-933A-497E-8890-7F5E75489D71}.Release|iPhone.ActiveCfg = Release|Any CPU
		{23BD3C67-933A-497E-8890-7F5E75489D71}.Release|iPhoneSimulator.ActiveCfg = Release|Any CPU
		{23BD3C67-933A-497E-8890-7F5E75489D71}.Release|Mixed Platforms.ActiveCfg = Release|x86
		{23BD3C67-933A-497E-8890-7F5E75489D71}.Release|Mixed Platforms.Build.0 = Release|x86
		{23BD3C67-933A-497E-8890-7F5E75489D71}.Release|Mixed Platforms.Deploy.0 = Release|x86
		{23BD3C67-933A-497E-8890-7F5E75489D71}.Release|x64.ActiveCfg = Release|x64
		{23BD3C67-933A-497E-8890-7F5E75489D71}.Release|x64.Build.0 = Release|x64
		{23BD3C67-933A-497E-8890-7F5E75489D71}.Release|x64.Deploy.0 = Release|x64
		{23BD3C67-933A-497E-8890-7F5E75489D71}.Release|x86.ActiveCfg = Release|x86
		{23BD3C67-933A-497E-8890-7F5E75489D71}.Release|x86.Build.0 = Release|x86
		{23BD3C67-933A-497E-8890-7F5E75489D71}.Release|x86.Deploy.0 = Release|x86
		{A7289F26-0362-43E4-B9BA-5F6BBAF0B645}.Ad-Hoc|Any CPU.ActiveCfg = Release|Any CPU
		{A7289F26-0362-43E4-B9BA-5F6BBAF0B645}.Ad-Hoc|Any CPU.Build.0 = Release|Any CPU
		{A7289F26-0362-43E4-B9BA-5F6BBAF0B645}.Ad-Hoc|ARM.ActiveCfg = Release|Any CPU
		{A7289F26-0362-43E4-B9BA-5F6BBAF0B645}.Ad-Hoc|iPhone.ActiveCfg = Release|Any CPU
		{A7289F26-0362-43E4-B9BA-5F6BBAF0B645}.Ad-Hoc|iPhone.Build.0 = Release|Any CPU
		{A7289F26-0362-43E4-B9BA-5F6BBAF0B645}.Ad-Hoc|iPhoneSimulator.ActiveCfg = Release|Any CPU
		{A7289F26-0362-43E4-B9BA-5F6BBAF0B645}.Ad-Hoc|iPhoneSimulator.Build.0 = Release|Any CPU
		{A7289F26-0362-43E4-B9BA-5F6BBAF0B645}.Ad-Hoc|Mixed Platforms.ActiveCfg = Release|Any CPU
		{A7289F26-0362-43E4-B9BA-5F6BBAF0B645}.Ad-Hoc|Mixed Platforms.Build.0 = Release|Any CPU
		{A7289F26-0362-43E4-B9BA-5F6BBAF0B645}.Ad-Hoc|x64.ActiveCfg = Release|Any CPU
		{A7289F26-0362-43E4-B9BA-5F6BBAF0B645}.Ad-Hoc|x86.ActiveCfg = Release|Any CPU
		{A7289F26-0362-43E4-B9BA-5F6BBAF0B645}.AppStore|Any CPU.ActiveCfg = Release|Any CPU
		{A7289F26-0362-43E4-B9BA-5F6BBAF0B645}.AppStore|Any CPU.Build.0 = Release|Any CPU
		{A7289F26-0362-43E4-B9BA-5F6BBAF0B645}.AppStore|ARM.ActiveCfg = Release|Any CPU
		{A7289F26-0362-43E4-B9BA-5F6BBAF0B645}.AppStore|iPhone.ActiveCfg = Release|Any CPU
		{A7289F26-0362-43E4-B9BA-5F6BBAF0B645}.AppStore|iPhone.Build.0 = Release|Any CPU
		{A7289F26-0362-43E4-B9BA-5F6BBAF0B645}.AppStore|iPhoneSimulator.ActiveCfg = Release|Any CPU
		{A7289F26-0362-43E4-B9BA-5F6BBAF0B645}.AppStore|iPhoneSimulator.Build.0 = Release|Any CPU
		{A7289F26-0362-43E4-B9BA-5F6BBAF0B645}.AppStore|Mixed Platforms.ActiveCfg = Release|Any CPU
		{A7289F26-0362-43E4-B9BA-5F6BBAF0B645}.AppStore|Mixed Platforms.Build.0 = Release|Any CPU
		{A7289F26-0362-43E4-B9BA-5F6BBAF0B645}.AppStore|x64.ActiveCfg = Release|Any CPU
		{A7289F26-0362-43E4-B9BA-5F6BBAF0B645}.AppStore|x86.ActiveCfg = Release|Any CPU
		{A7289F26-0362-43E4-B9BA-5F6BBAF0B645}.Debug|Any CPU.ActiveCfg = Debug|Any CPU
		{A7289F26-0362-43E4-B9BA-5F6BBAF0B645}.Debug|Any CPU.Build.0 = Debug|Any CPU
		{A7289F26-0362-43E4-B9BA-5F6BBAF0B645}.Debug|ARM.ActiveCfg = Debug|Any CPU
		{A7289F26-0362-43E4-B9BA-5F6BBAF0B645}.Debug|iPhone.ActiveCfg = Debug|Any CPU
		{A7289F26-0362-43E4-B9BA-5F6BBAF0B645}.Debug|iPhone.Build.0 = Debug|Any CPU
		{A7289F26-0362-43E4-B9BA-5F6BBAF0B645}.Debug|iPhoneSimulator.ActiveCfg = Debug|Any CPU
		{A7289F26-0362-43E4-B9BA-5F6BBAF0B645}.Debug|iPhoneSimulator.Build.0 = Debug|Any CPU
		{A7289F26-0362-43E4-B9BA-5F6BBAF0B645}.Debug|Mixed Platforms.ActiveCfg = Debug|Any CPU
		{A7289F26-0362-43E4-B9BA-5F6BBAF0B645}.Debug|Mixed Platforms.Build.0 = Debug|Any CPU
		{A7289F26-0362-43E4-B9BA-5F6BBAF0B645}.Debug|x64.ActiveCfg = Debug|Any CPU
		{A7289F26-0362-43E4-B9BA-5F6BBAF0B645}.Debug|x86.ActiveCfg = Debug|Any CPU
		{A7289F26-0362-43E4-B9BA-5F6BBAF0B645}.Release|Any CPU.ActiveCfg = Release|Any CPU
		{A7289F26-0362-43E4-B9BA-5F6BBAF0B645}.Release|Any CPU.Build.0 = Release|Any CPU
		{A7289F26-0362-43E4-B9BA-5F6BBAF0B645}.Release|ARM.ActiveCfg = Release|Any CPU
		{A7289F26-0362-43E4-B9BA-5F6BBAF0B645}.Release|iPhone.ActiveCfg = Release|Any CPU
		{A7289F26-0362-43E4-B9BA-5F6BBAF0B645}.Release|iPhone.Build.0 = Release|Any CPU
		{A7289F26-0362-43E4-B9BA-5F6BBAF0B645}.Release|iPhoneSimulator.ActiveCfg = Release|Any CPU
		{A7289F26-0362-43E4-B9BA-5F6BBAF0B645}.Release|iPhoneSimulator.Build.0 = Release|Any CPU
		{A7289F26-0362-43E4-B9BA-5F6BBAF0B645}.Release|Mixed Platforms.ActiveCfg = Release|Any CPU
		{A7289F26-0362-43E4-B9BA-5F6BBAF0B645}.Release|Mixed Platforms.Build.0 = Release|Any CPU
		{A7289F26-0362-43E4-B9BA-5F6BBAF0B645}.Release|x64.ActiveCfg = Release|Any CPU
		{A7289F26-0362-43E4-B9BA-5F6BBAF0B645}.Release|x86.ActiveCfg = Release|Any CPU
	EndGlobalSection
	GlobalSection(SolutionProperties) = preSolution
		HideSolutionNode = FALSE
	EndGlobalSection
EndGlobal
